{
	"name": "react-native-dialogflow",
	"version": "3.1.1",
	"lockfileVersion": 1,
	"requires": true,
	"dependencies": {
		"jsrsasign": {
			"version": "8.0.12",
			"resolved": "https://registry.npmjs.org/jsrsasign/-/jsrsasign-8.0.12.tgz",
			"integrity": "sha1-Iqu5ZW00owuVMENnIINeicLlwxY="
		},
		"react-native-speech-to-text-ios": {
			"version": "1.0.4",
			"resolved": "https://registry.npmjs.org/react-native-speech-to-text-ios/-/react-native-speech-to-text-ios-1.0.4.tgz",
			"integrity": "sha1-ZeIKYUbeeWfm1BlyyNYRtq2Tf4I="
		},
		"react-native-voice": {
			"version": "github:thunkable/react-native-voice#7340bd716b502694398ecdb7b1c89080e27a74a2",
			"from": "github:thunkable/react-native-voice#hotfix"
		}
	}
}
